
Microsoft Visual Studio Solution File, Format Version 12.00
# Visual Studio 15
Project("{FAE04EC0-301F-11D3-BF4B-00C04F79EFBC}") = "Assembly-CSharp", "Assembly-CSharp.csproj", "{5F8281B2-08E3-97D4-0780-109449CEE033}"
EndProject
Project("{FAE04EC0-301F-11D3-BF4B-00C04F79EFBC}") = "Assembly-CSharp-Editor", "Assembly-CSharp-Editor.csproj", "{4788DBC9-5861-A0C8-B3D7-6994359CEFB7}"
EndProject
Project("{FAE04EC0-301F-11D3-BF4B-00C04F79EFBC}") = "Assembly-CSharp.Player", "Assembly-CSharp.Player.csproj", "{37CDCF3F-0389-B63F-5625-A1C74B87B5B7}"
EndProject
Global
	GlobalSection(SolutionConfigurationPlatforms) = preSolution
		Debug|Any CPU = Debug|Any CPU
		Release|Any CPU = Release|Any CPU
	EndGlobalSection
	GlobalSection(ProjectConfigurationPlatforms) = postSolution
		{5F8281B2-08E3-97D4-0780-109449CEE033}.Debug|Any CPU.ActiveCfg = Debug|Any CPU
		{5F8281B2-08E3-97D4-0780-109449CEE033}.Debug|Any CPU.Build.0 = Debug|Any CPU
		{5F8281B2-08E3-97D4-0780-109449CEE033}.Release|Any CPU.ActiveCfg = Release|Any CPU
		{5F8281B2-08E3-97D4-0780-109449CEE033}.Release|Any CPU.Build.0 = Release|Any CPU
		{4788DBC9-5861-A0C8-B3D7-6994359CEFB7}.Debug|Any CPU.ActiveCfg = Debug|Any CPU
		{4788DBC9-5861-A0C8-B3D7-6994359CEFB7}.Debug|Any CPU.Build.0 = Debug|Any CPU
		{4788DBC9-5861-A0C8-B3D7-6994359CEFB7}.Release|Any CPU.ActiveCfg = Release|Any CPU
		{4788DBC9-5861-A0C8-B3D7-6994359CEFB7}.Release|Any CPU.Build.0 = Release|Any CPU
		{37CDCF3F-0389-B63F-5625-A1C74B87B5B7}.Debug|Any CPU.ActiveCfg = Debug|Any CPU
		{37CDCF3F-0389-B63F-5625-A1C74B87B5B7}.Debug|Any CPU.Build.0 = Debug|Any CPU
		{37CDCF3F-0389-B63F-5625-A1C74B87B5B7}.Release|Any CPU.ActiveCfg = Release|Any CPU
		{37CDCF3F-0389-B63F-5625-A1C74B87B5B7}.Release|Any CPU.Build.0 = Release|Any CPU
	EndGlobalSection
	GlobalSection(SolutionProperties) = preSolution
		HideSolutionNode = FALSE
	EndGlobalSection
EndGlobal
